
Microsoft Visual Studio Solution File, Format Version 12.00
Project("{FAE04EC0-301F-11D3-BF4B-00C04F79EFBC}") = "Day8New", "Day8New\Day8New.csproj", "{12538226-72E4-4AD9-84B8-CBBFD0D805C2}"
EndProject
Global
	GlobalSection(SolutionConfigurationPlatforms) = preSolution
		Debug|Any CPU = Debug|Any CPU
		Release|Any CPU = Release|Any CPU
	EndGlobalSection
	GlobalSection(ProjectConfigurationPlatforms) = postSolution
		{12538226-72E4-4AD9-84B8-CBBFD0D805C2}.Debug|Any CPU.ActiveCfg = Debug|Any CPU
		{12538226-72E4-4AD9-84B8-CBBFD0D805C2}.Debug|Any CPU.Build.0 = Debug|Any CPU
		{12538226-72E4-4AD9-84B8-CBBFD0D805C2}.Release|Any CPU.ActiveCfg = Release|Any CPU
		{12538226-72E4-4AD9-84B8-CBBFD0D805C2}.Release|Any CPU.Build.0 = Release|Any CPU
	EndGlobalSection
EndGlobal
